
Microsoft Visual Studio Solution File, Format Version 12.00
# Visual Studio Version 17
VisualStudioVersion = 17.8.34511.84
MinimumVisualStudioVersion = 10.0.40219.1
Project("{FAE04EC0-301F-11D3-BF4B-00C04F79EFBC}") = "Bank Sys analysis", "Bank Sys analysis.csproj", "{25A004F4-ABD9-4D0D-900A-A2E7FC71D2E5}"
EndProject
Global
	GlobalSection(SolutionConfigurationPlatforms) = preSolution
		Debug|Any CPU = Debug|Any CPU
		Release|Any CPU = Release|Any CPU
	EndGlobalSection
	GlobalSection(ProjectConfigurationPlatforms) = postSolution
		{25A004F4-ABD9-4D0D-900A-A2E7FC71D2E5}.Debug|Any CPU.ActiveCfg = Debug|Any CPU
		{25A004F4-ABD9-4D0D-900A-A2E7FC71D2E5}.Debug|Any CPU.Build.0 = Debug|Any CPU
		{25A004F4-ABD9-4D0D-900A-A2E7FC71D2E5}.Release|Any CPU.ActiveCfg = Release|Any CPU
		{25A004F4-ABD9-4D0D-900A-A2E7FC71D2E5}.Release|Any CPU.Build.0 = Release|Any CPU
	EndGlobalSection
	GlobalSection(SolutionProperties) = preSolution
		HideSolutionNode = FALSE
	EndGlobalSection
	GlobalSection(ExtensibilityGlobals) = postSolution
		SolutionGuid = {A22A5225-D890-4D6B-9E82-7EA0385F2058}
	EndGlobalSection
EndGlobal
